
Microsoft Visual Studio Solution File, Format Version 12.00
# Visual Studio Version 17
VisualStudioVersion = 17.0.31903.59
MinimumVisualStudioVersion = 10.0.40219.1
Project("{FAE04EC0-301F-11D3-BF4B-00C04F79EFBC}") = "backend", "backend\backend.csproj", "{943769C5-805C-4853-AB74-2C57DA78EA88}"
EndProject
Project("{FAE04EC0-301F-11D3-BF4B-00C04F79EFBC}") = "simulator", "simulator\simulator.csproj", "{53CE7287-3A55-4827-ACD9-47C6363BB191}"
EndProject
Project("{FAE04EC0-301F-11D3-BF4B-00C04F79EFBC}") = "connector", "connector\connector.csproj", "{BF7C6D92-1F68-4A8B-BDC7-3C93C87C0072}"
EndProject
Project("{FAE04EC0-301F-11D3-BF4B-00C04F79EFBC}") = "websocketserver", "websocketserver\websocketserver.csproj", "{BAA10927-B99B-4ED1-9D19-5A35C3CC8F28}"
EndProject
Global
	GlobalSection(SolutionConfigurationPlatforms) = preSolution
		Debug|Any CPU = Debug|Any CPU
		Release|Any CPU = Release|Any CPU
	EndGlobalSection
	GlobalSection(SolutionProperties) = preSolution
		HideSolutionNode = FALSE
	EndGlobalSection
	GlobalSection(ProjectConfigurationPlatforms) = postSolution
		{943769C5-805C-4853-AB74-2C57DA78EA88}.Debug|Any CPU.ActiveCfg = Debug|Any CPU
		{943769C5-805C-4853-AB74-2C57DA78EA88}.Debug|Any CPU.Build.0 = Debug|Any CPU
		{943769C5-805C-4853-AB74-2C57DA78EA88}.Release|Any CPU.ActiveCfg = Release|Any CPU
		{943769C5-805C-4853-AB74-2C57DA78EA88}.Release|Any CPU.Build.0 = Release|Any CPU
		{53CE7287-3A55-4827-ACD9-47C6363BB191}.Debug|Any CPU.ActiveCfg = Debug|Any CPU
		{53CE7287-3A55-4827-ACD9-47C6363BB191}.Debug|Any CPU.Build.0 = Debug|Any CPU
		{53CE7287-3A55-4827-ACD9-47C6363BB191}.Release|Any CPU.ActiveCfg = Release|Any CPU
		{53CE7287-3A55-4827-ACD9-47C6363BB191}.Release|Any CPU.Build.0 = Release|Any CPU
		{BF7C6D92-1F68-4A8B-BDC7-3C93C87C0072}.Debug|Any CPU.ActiveCfg = Debug|Any CPU
		{BF7C6D92-1F68-4A8B-BDC7-3C93C87C0072}.Debug|Any CPU.Build.0 = Debug|Any CPU
		{BF7C6D92-1F68-4A8B-BDC7-3C93C87C0072}.Release|Any CPU.ActiveCfg = Release|Any CPU
		{BF7C6D92-1F68-4A8B-BDC7-3C93C87C0072}.Release|Any CPU.Build.0 = Release|Any CPU
		{BAA10927-B99B-4ED1-9D19-5A35C3CC8F28}.Debug|Any CPU.ActiveCfg = Debug|Any CPU
		{BAA10927-B99B-4ED1-9D19-5A35C3CC8F28}.Debug|Any CPU.Build.0 = Debug|Any CPU
		{BAA10927-B99B-4ED1-9D19-5A35C3CC8F28}.Release|Any CPU.ActiveCfg = Release|Any CPU
		{BAA10927-B99B-4ED1-9D19-5A35C3CC8F28}.Release|Any CPU.Build.0 = Release|Any CPU
	EndGlobalSection
EndGlobal
